
Microsoft Visual Studio Solution File, Format Version 12.00
# Visual Studio 15
VisualStudioVersion = 15.0.26730.10
MinimumVisualStudioVersion = 10.0.40219.1
Project("{FAE04EC0-301F-11D3-BF4B-00C04F79EFBC}") = "CoreUiProject", "CoreUiProject\CoreUiProject.csproj", "{0EFE9F95-3273-419D-979F-E861CF04BF2B}"
EndProject
Global
	GlobalSection(SolutionConfigurationPlatforms) = preSolution
		Debug|Any CPU = Debug|Any CPU
		Release|Any CPU = Release|Any CPU
	EndGlobalSection
	GlobalSection(ProjectConfigurationPlatforms) = postSolution
		{0EFE9F95-3273-419D-979F-E861CF04BF2B}.Debug|Any CPU.ActiveCfg = Debug|Any CPU
		{0EFE9F95-3273-419D-979F-E861CF04BF2B}.Debug|Any CPU.Build.0 = Debug|Any CPU
		{0EFE9F95-3273-419D-979F-E861CF04BF2B}.Release|Any CPU.ActiveCfg = Release|Any CPU
		{0EFE9F95-3273-419D-979F-E861CF04BF2B}.Release|Any CPU.Build.0 = Release|Any CPU
	EndGlobalSection
	GlobalSection(SolutionProperties) = preSolution
		HideSolutionNode = FALSE
	EndGlobalSection
	GlobalSection(ExtensibilityGlobals) = postSolution
		SolutionGuid = {FC31CF33-C78C-4143-A977-93F948C9A3C3}
	EndGlobalSection
EndGlobal
